#MicroXplorer Configuration settings - do not modify
Mcu.Family=STM32F4
ProjectManager.MainLocation=Core/Src
I2S2.AudioFreq=I2S_AUDIOFREQ_48K
ProjectManager.ProjectFileName=Project Frans CubeIDE.ioc
USART2.IPParameters=VirtualMode
RCC.CortexFreq_Value=16000000
SPI3.Direction=SPI_DIRECTION_2LINES
PD15.GPIO_Label=LD6
SPI3.VirtualType=VM_MASTER
I2S2.Instance=SPI$Index
ProjectManager.KeepUserCode=true
Mcu.UserName=STM32F407VGTx
Mcu.PinsNb=12
ProjectManager.NoMain=false
RCC.PLLCLKFreq_Value=96000000
PC12.Signal=SPI3_MOSI
PC10.Signal=SPI3_SCK
RCC.PLLQCLKFreq_Value=48000000
PD3.Signal=GPIO_Output
ProjectManager.functionlistsort=1-MX_GPIO_Init-GPIO-false-HAL-true,2-SystemClock_Config-RCC-false-HAL-false,3-MX_I2S2_Init-I2S2-false-HAL-true,4-MX_SPI3_Init-SPI3-false-HAL-true,5-MX_USART2_UART_Init-USART2-false-HAL-true
PC10.Mode=TX_Only_Simplex_Unidirect_Master
RCC.RTCFreq_Value=32000
ProjectManager.DefaultFWLocation=true
I2S2.CPOL=I2S_CPOL_LOW
PD2.Locked=true
PD4.Locked=true
ProjectManager.DeletePrevious=true
PB15.Signal=I2S2_SD
PB13.Signal=I2S2_CK
PinOutPanel.RotationAngle=0
RCC.FamilyName=M
ProjectManager.StackSize=0x400
PA3.Mode=Asynchronous
Mcu.IP4=SYS
Mcu.IP5=USART2
NVIC.SVCall_IRQn=true\:0\:0\:false\:false\:true\:false\:false
Mcu.IP2=RCC
Mcu.IP3=SPI3
<<<<<<< HEAD
Mcu.IP4=SYS
Mcu.IP5=USART2
Mcu.IPNb=6
Mcu.Name=STM32F407V(E-G)Tx
Mcu.Package=LQFP100
Mcu.Pin0=PA2
Mcu.Pin1=PA3
Mcu.Pin2=PB12
Mcu.Pin3=PB13
Mcu.Pin4=PB15
Mcu.Pin5=PD15
=======
Mcu.IP0=I2S2
Mcu.IP1=NVIC
Mcu.UserConstants=
PD15.GPIOParameters=GPIO_Label
ProjectManager.TargetToolchain=STM32CubeIDE
Mcu.ThirdPartyNb=0
Mcu.IPNb=6
RCC.I2SClocksFreq_Value=96000000
ProjectManager.PreviousToolchain=STM32CubeIDE
PD4.Signal=GPIO_Output
I2S2.VirtualMode=I2S_MODE_SLAVE
RCC.VcooutputI2S=96000000
>>>>>>> origin/laurensBranch
Mcu.Pin6=PC10
Mcu.Pin7=PC12
Mcu.Pin8=PD2
Mcu.Pin9=PD3
RCC.LSE_VALUE=32768
PD3.Locked=true
RCC.AHBFreq_Value=16000000
PB13.Locked=true
Mcu.Pin0=PA2
Mcu.Pin1=PA3
GPIO.groupedBy=
Mcu.Pin2=PB12
Mcu.Pin3=PB13
Mcu.Pin4=PB15
RCC.VCOI2SOutputFreq_Value=192000000
Mcu.Pin5=PD15
ProjectManager.ProjectBuild=false
RCC.HSE_VALUE=25000000
NVIC.UsageFault_IRQn=true\:0\:0\:false\:false\:true\:false\:false
PC12.Mode=TX_Only_Simplex_Unidirect_Master
NVIC.DebugMonitor_IRQn=true\:0\:0\:false\:false\:true\:false\:false
board=custom
RCC.VCOOutputFreq_Value=192000000
NVIC.SysTick_IRQn=true\:0\:0\:false\:false\:true\:false\:true
<<<<<<< HEAD
NVIC.UsageFault_IRQn=true\:0\:0\:false\:false\:true\:false\:false
PA2.Mode=Asynchronous
PA2.Signal=USART2_TX
PA3.Mode=Asynchronous
PA3.Signal=USART2_RX
PB12.Mode=Half_Duplex_Slave
PB12.Signal=I2S2_WS
PB13.Locked=true
PB13.Mode=Half_Duplex_Slave
PB13.Signal=I2S2_CK
PB15.Locked=true
=======
ProjectManager.LastFirmware=true
>>>>>>> origin/laurensBranch
PB15.Mode=Half_Duplex_Slave
ProjectManager.FirmwarePackage=STM32Cube FW_F4 V1.25.0
MxDb.Version=DB.5.0.60
RCC.APB2Freq_Value=16000000
SPI3.CalculateBaudRate=8.0 MBits/s
ProjectManager.BackupPrevious=false
MxCube.Version=5.6.1
RCC.VCOInputFreq_Value=1000000
File.Version=6
VP_SYS_VS_Systick.Mode=SysTick
I2S2.IPParameters=Instance,VirtualMode,FullDuplexMode,RealAudioFreq,ErrorAudioFreq,AudioFreq,DataFormat,Mode,Standard,CPOL
NVIC.NonMaskableInt_IRQn=true\:0\:0\:false\:false\:true\:false\:false
NVIC.PendSV_IRQn=true\:0\:0\:false\:false\:true\:false\:false
I2S2.DataFormat=I2S_DATAFORMAT_24B
ProjectManager.FreePins=false
RCC.IPParameters=AHBFreq_Value,APB1Freq_Value,APB2Freq_Value,CortexFreq_Value,FamilyName,HSE_VALUE,HSI_VALUE,I2SClocksFreq_Value,LSE_VALUE,LSI_VALUE,PLLCLKFreq_Value,PLLQCLKFreq_Value,RTCFreq_Value,RTCHSEDivFreq_Value,SYSCLKFreq_VALUE,VCOI2SOutputFreq_Value,VCOInputFreq_Value,VCOOutputFreq_Value,VcooutputI2S
ProjectManager.AskForMigrate=true
Mcu.Name=STM32F407V(E-G)Tx
ProjectManager.HalAssertFull=false
RCC.RTCHSEDivFreq_Value=12500000
PA2.Signal=USART2_TX
ProjectManager.ProjectName=Project Frans CubeIDE
ProjectManager.UnderRoot=true
<<<<<<< HEAD
ProjectManager.functionlistsort=1-MX_GPIO_Init-GPIO-false-HAL-true,2-SystemClock_Config-RCC-false-HAL-false,3-MX_I2S2_Init-I2S2-false-HAL-true,4-MX_SPI3_Init-SPI3-false-HAL-true,5-MX_USART2_UART_Init-USART2-false-HAL-true
RCC.AHBFreq_Value=16000000
RCC.APB1Freq_Value=16000000
RCC.APB2Freq_Value=16000000
RCC.CortexFreq_Value=16000000
RCC.FamilyName=M
RCC.HSE_VALUE=25000000
RCC.HSI_VALUE=16000000
RCC.I2SClocksFreq_Value=96000000
RCC.IPParameters=AHBFreq_Value,APB1Freq_Value,APB2Freq_Value,CortexFreq_Value,FamilyName,HSE_VALUE,HSI_VALUE,I2SClocksFreq_Value,LSE_VALUE,LSI_VALUE,PLLCLKFreq_Value,PLLQCLKFreq_Value,RTCFreq_Value,RTCHSEDivFreq_Value,SYSCLKFreq_VALUE,VCOI2SOutputFreq_Value,VCOInputFreq_Value,VCOOutputFreq_Value,VcooutputI2S
RCC.LSE_VALUE=32768
RCC.LSI_VALUE=32000
RCC.PLLCLKFreq_Value=96000000
RCC.PLLQCLKFreq_Value=48000000
RCC.RTCFreq_Value=32000
RCC.RTCHSEDivFreq_Value=12500000
=======
I2S2.FullDuplexMode=I2S_FULLDUPLEXMODE_DISABLE
ProjectManager.CoupleFile=false
>>>>>>> origin/laurensBranch
RCC.SYSCLKFreq_VALUE=16000000
Mcu.Package=LQFP100
PB12.Mode=Half_Duplex_Slave
I2S2.ErrorAudioFreq=0.8 %
NVIC.ForceEnableDMAVector=true
SPI3.Mode=SPI_MODE_MASTER
<<<<<<< HEAD
SPI3.VirtualType=VM_MASTER
USART2.IPParameters=VirtualMode
USART2.VirtualMode=VM_ASYNC
VP_SYS_VS_Systick.Mode=SysTick
=======
KeepUserPlacement=false
USART2.VirtualMode=VM_ASYNC
NVIC.MemoryManagement_IRQn=true\:0\:0\:false\:false\:true\:false\:false
ProjectManager.CompilerOptimize=6
ProjectManager.ToolChainLocation=
RCC.LSI_VALUE=32000
I2S2.Mode=I2S_MODE_SLAVE_RX
PD15.Locked=true
>>>>>>> origin/laurensBranch
VP_SYS_VS_Systick.Signal=SYS_VS_Systick
ProjectManager.HeapSize=0x200
NVIC.HardFault_IRQn=true\:0\:0\:false\:false\:true\:false\:false
ProjectManager.ComputerToolchain=false
RCC.HSI_VALUE=16000000
NVIC.PriorityGroup=NVIC_PRIORITYGROUP_4
Mcu.Pin11=VP_SYS_VS_Systick
Mcu.Pin10=PD4
PA2.Mode=Asynchronous
NVIC.BusFault_IRQn=true\:0\:0\:false\:false\:true\:false\:false
SPI3.IPParameters=VirtualType,Mode,Direction,CalculateBaudRate
PB13.Mode=Half_Duplex_Slave
PD2.Signal=GPIO_Output
RCC.APB1Freq_Value=16000000
I2S2.RealAudioFreq=48.387 KHz
I2S2.Standard=I2S_STANDARD_MSB
PD15.Signal=GPIO_Output
ProjectManager.CustomerFirmwarePackage=
ProjectManager.DeviceId=STM32F407VGTx
PB12.Signal=I2S2_WS
ProjectManager.LibraryCopy=1
PB15.Locked=true
PA3.Signal=USART2_RX
isbadioc=false
